// !$*UTF8*$!
{
	archiveVersion = 1;
	classes = {
	};
	objectVersion = 56;
	objects = {

/* Begin PBXBuildFile section */
		AA0001000000200000000001 /* LectorMDApp.swift in Sources */ = {isa = PBXBuildFile; fileRef = AA0001000000100000000001 /* LectorMDApp.swift */; };
		AA0001000000200000000002 /* MarkdownDocument.swift in Sources */ = {isa = PBXBuildFile; fileRef = AA0001000000100000000002 /* MarkdownDocument.swift */; };
		AA0001000000200000000003 /* ContentView.swift in Sources */ = {isa = PBXBuildFile; fileRef = AA0001000000100000000003 /* ContentView.swift */; };
		AA0001000000200000000004 /* MarkdownWebView.swift in Sources */ = {isa = PBXBuildFile; fileRef = AA0001000000100000000004 /* MarkdownWebView.swift */; };
		AA0001000000200000000005 /* MarkdownRenderer.swift in Sources */ = {isa = PBXBuildFile; fileRef = AA0001000000100000000005 /* MarkdownRenderer.swift */; };
		AA0001000000200000000006 /* HTMLTemplate.swift in Sources */ = {isa = PBXBuildFile; fileRef = AA0001000000100000000006 /* HTMLTemplate.swift */; };
		AA000100000020000000000A /* HTMLSafety.swift in Sources */ = {isa = PBXBuildFile; fileRef = AA000100000010000000000A /* HTMLSafety.swift */; };
		AA0001000000200000000007 /* Assets.xcassets in Resources */ = {isa = PBXBuildFile; fileRef = AA0001000000100000000007 /* Assets.xcassets */; };
		AA0001000000200000000008 /* highlight.min.js in Resources */ = {isa = PBXBuildFile; fileRef = BB0001000000100000000003 /* highlight.min.js */; };
		AA0001000000200000000009 /* mermaid.min.js in Resources */ = {isa = PBXBuildFile; fileRef = BB0001000000100000000004 /* mermaid.min.js */; };
		BB0001000000200000000001 /* PreviewViewController.swift in Sources */ = {isa = PBXBuildFile; fileRef = BB0001000000100000000001 /* PreviewViewController.swift */; };
		BB0001000000200000000002 /* MarkdownRenderer.swift in Sources */ = {isa = PBXBuildFile; fileRef = AA0001000000100000000005 /* MarkdownRenderer.swift */; };
		BB0001000000200000000003 /* HTMLTemplate.swift in Sources */ = {isa = PBXBuildFile; fileRef = AA0001000000100000000006 /* HTMLTemplate.swift */; };
		BB0001000000200000000007 /* HTMLSafety.swift in Sources */ = {isa = PBXBuildFile; fileRef = AA000100000010000000000A /* HTMLSafety.swift */; };
		BB0001000000200000000004 /* highlight.min.js in Resources */ = {isa = PBXBuildFile; fileRef = BB0001000000100000000003 /* highlight.min.js */; };
		BB0001000000200000000005 /* mermaid.min.js in Resources */ = {isa = PBXBuildFile; fileRef = BB0001000000100000000004 /* mermaid.min.js */; };
		BB0001000000200000000006 /* LectorMDQL.appex in Embed App Extensions */ = {isa = PBXBuildFile; fileRef = BB000100000000000000000F /* LectorMDQL.appex */; settings = {ATTRIBUTES = (RemoveHeadersOnCopy, ); }; };
/* End PBXBuildFile section */

/* Begin PBXFileReference section */
		AA000100000000000000000F /* LectorMD.app */ = {isa = PBXFileReference; explicitFileType = wrapper.application; includeInIndex = 0; path = LectorMD.app; sourceTree = BUILT_PRODUCTS_DIR; };
		AA0001000000100000000001 /* LectorMDApp.swift */ = {isa = PBXFileReference; lastKnownFileType = sourcecode.swift; path = LectorMDApp.swift; sourceTree = "<group>"; };
		AA0001000000100000000002 /* MarkdownDocument.swift */ = {isa = PBXFileReference; lastKnownFileType = sourcecode.swift; path = MarkdownDocument.swift; sourceTree = "<group>"; };
		AA0001000000100000000003 /* ContentView.swift */ = {isa = PBXFileReference; lastKnownFileType = sourcecode.swift; path = ContentView.swift; sourceTree = "<group>"; };
		AA0001000000100000000004 /* MarkdownWebView.swift */ = {isa = PBXFileReference; lastKnownFileType = sourcecode.swift; path = MarkdownWebView.swift; sourceTree = "<group>"; };
		AA0001000000100000000005 /* MarkdownRenderer.swift */ = {isa = PBXFileReference; lastKnownFileType = sourcecode.swift; path = MarkdownRenderer.swift; sourceTree = "<group>"; };
		AA0001000000100000000006 /* HTMLTemplate.swift */ = {isa = PBXFileReference; lastKnownFileType = sourcecode.swift; path = HTMLTemplate.swift; sourceTree = "<group>"; };
		AA000100000010000000000A /* HTMLSafety.swift */ = {isa = PBXFileReference; lastKnownFileType = sourcecode.swift; path = HTMLSafety.swift; sourceTree = "<group>"; };
		AA0001000000100000000007 /* Assets.xcassets */ = {isa = PBXFileReference; lastKnownFileType = folder.assetcatalog; path = Assets.xcassets; sourceTree = "<group>"; };
		AA0001000000100000000008 /* Info.plist */ = {isa = PBXFileReference; lastKnownFileType = text.plist.xml; path = Info.plist; sourceTree = "<group>"; };
		AA0001000000100000000009 /* LectorMD.entitlements */ = {isa = PBXFileReference; lastKnownFileType = text.plist.entitlements; path = LectorMD.entitlements; sourceTree = "<group>"; };
		BB000100000000000000000F /* LectorMDQL.appex */ = {isa = PBXFileReference; explicitFileType = wrapper.app-extension; includeInIndex = 0; path = LectorMDQL.appex; sourceTree = BUILT_PRODUCTS_DIR; };
		BB0001000000100000000001 /* PreviewViewController.swift */ = {isa = PBXFileReference; lastKnownFileType = sourcecode.swift; path = PreviewViewController.swift; sourceTree = "<group>"; };
		BB0001000000100000000002 /* ExtInfo.plist */ = {isa = PBXFileReference; lastKnownFileType = text.plist.xml; path = ExtInfo.plist; sourceTree = "<group>"; };
		BB0001000000100000000003 /* highlight.min.js */ = {isa = PBXFileReference; lastKnownFileType = sourcecode.javascript; path = "highlight.min.js"; sourceTree = "<group>"; };
		BB0001000000100000000004 /* mermaid.min.js */ = {isa = PBXFileReference; lastKnownFileType = sourcecode.javascript; path = "mermaid.min.js"; sourceTree = "<group>"; };
		BB0001000000100000000005 /* LectorMDQL.entitlements */ = {isa = PBXFileReference; lastKnownFileType = text.plist.entitlements; path = LectorMDQL.entitlements; sourceTree = "<group>"; };
/* End PBXFileReference section */

/* Begin PBXContainerItemProxy section */
		BB00010000000D0000000001 /* PBXContainerItemProxy */ = {
			isa = PBXContainerItemProxy;
			containerPortal = AA0001000000010000000001 /* Project object */;
			proxyType = 1;
			remoteGlobalIDString = BB0001000000020000000002;
			remoteInfo = LectorMDQL;
		};
/* End PBXContainerItemProxy section */

/* Begin PBXCopyFilesBuildPhase section */
		BB00010000000B0000000001 /* Embed App Extensions */ = {
			isa = PBXCopyFilesBuildPhase;
			buildActionMask = 2147483647;
			dstPath = "";
			dstSubfolderSpec = 13;
			files = (
				BB0001000000200000000006 /* LectorMDQL.appex in Embed App Extensions */,
			);
			name = "Embed App Extensions";
			runOnlyForDeploymentPostprocessing = 0;
		};
/* End PBXCopyFilesBuildPhase section */

/* Begin PBXFrameworksBuildPhase section */
		AA0001000000070000000001 /* Frameworks */ = {
			isa = PBXFrameworksBuildPhase;
			buildActionMask = 2147483647;
			files = (
			);
			runOnlyForDeploymentPostprocessing = 0;
		};
		BB0001000000070000000002 /* Frameworks */ = {
			isa = PBXFrameworksBuildPhase;
			buildActionMask = 2147483647;
			files = (
			);
			runOnlyForDeploymentPostprocessing = 0;
		};
/* End PBXFrameworksBuildPhase section */

/* Begin PBXGroup section */
		AA0001000000030000000001 /* root */ = {
			isa = PBXGroup;
			children = (
				AA0001000000050000000001 /* LectorMD */,
				BB0001000000050000000002 /* QuickLookMD */,
				AA0001000000040000000001 /* Products */,
			);
			sourceTree = "<group>";
		};
		AA0001000000040000000001 /* Products */ = {
			isa = PBXGroup;
			children = (
				AA000100000000000000000F /* LectorMD.app */,
				BB000100000000000000000F /* LectorMDQL.appex */,
			);
			name = Products;
			sourceTree = "<group>";
		};
		AA0001000000050000000001 /* LectorMD */ = {
			isa = PBXGroup;
			children = (
				AA0001000000100000000001 /* LectorMDApp.swift */,
				AA0001000000100000000002 /* MarkdownDocument.swift */,
				AA0001000000100000000003 /* ContentView.swift */,
				AA0001000000100000000004 /* MarkdownWebView.swift */,
				AA0001000000100000000005 /* MarkdownRenderer.swift */,
				AA0001000000100000000006 /* HTMLTemplate.swift */,
				AA000100000010000000000A /* HTMLSafety.swift */,
				AA0001000000100000000007 /* Assets.xcassets */,
				BB0001000000050000000003 /* Resources */,
				AA0001000000100000000008 /* Info.plist */,
				AA0001000000100000000009 /* LectorMD.entitlements */,
			);
			path = LectorMD;
			sourceTree = "<group>";
		};
		BB0001000000050000000002 /* QuickLookMD */ = {
			isa = PBXGroup;
			children = (
				BB0001000000100000000001 /* PreviewViewController.swift */,
				BB0001000000100000000002 /* ExtInfo.plist */,
				BB0001000000100000000005 /* LectorMDQL.entitlements */,
			);
			path = QuickLookMD;
			sourceTree = "<group>";
		};
		BB0001000000050000000003 /* Resources */ = {
			isa = PBXGroup;
			children = (
				BB0001000000100000000003 /* highlight.min.js */,
				BB0001000000100000000004 /* mermaid.min.js */,
			);
			path = Resources;
			sourceTree = "<group>";
		};
/* End PBXGroup section */

/* Begin PBXNativeTarget section */
		AA0001000000020000000001 /* LectorMD */ = {
			isa = PBXNativeTarget;
			buildConfigurationList = AA0001000000090000000001 /* Build configuration list for PBXNativeTarget "LectorMD" */;
			buildPhases = (
				AA0001000000060000000001 /* Sources */,
				AA0001000000070000000001 /* Frameworks */,
				AA0001000000080000000001 /* Resources */,
				BB00010000000B0000000001 /* Embed App Extensions */,
			);
			buildRules = (
			);
			dependencies = (
				BB00010000000C0000000001 /* PBXTargetDependency */,
			);
			name = LectorMD;
			productName = LectorMD;
			productReference = AA000100000000000000000F /* LectorMD.app */;
			productType = "com.apple.product-type.application";
		};
		BB0001000000020000000002 /* LectorMDQL */ = {
			isa = PBXNativeTarget;
			buildConfigurationList = BB0001000000090000000002 /* Build configuration list for PBXNativeTarget "LectorMDQL" */;
			buildPhases = (
				BB0001000000060000000002 /* Sources */,
				BB0001000000070000000002 /* Frameworks */,
				BB0001000000080000000002 /* Resources */,
			);
			buildRules = (
			);
			dependencies = (
			);
			name = LectorMDQL;
			productName = LectorMDQL;
			productReference = BB000100000000000000000F /* LectorMDQL.appex */;
			productType = "com.apple.product-type.app-extension";
		};
/* End PBXNativeTarget section */

/* Begin PBXTargetDependency section */
		BB00010000000C0000000001 /* PBXTargetDependency */ = {
			isa = PBXTargetDependency;
			target = BB0001000000020000000002 /* LectorMDQL */;
			targetProxy = BB00010000000D0000000001 /* PBXContainerItemProxy */;
		};
/* End PBXTargetDependency section */

/* Begin PBXProject section */
		AA0001000000010000000001 /* Project object */ = {
			isa = PBXProject;
			attributes = {
				BuildIndependentTargetsInParallel = 1;
				LastSwiftUpdateCheck = 1500;
				LastUpgradeCheck = 1500;
				TargetAttributes = {
					AA0001000000020000000001 = {
						CreatedOnToolsVersion = 15.0;
					};
					BB0001000000020000000002 = {
						CreatedOnToolsVersion = 15.0;
					};
				};
			};
			buildConfigurationList = AA000100000000A000000001 /* Build configuration list for PBXProject "LectorMD" */;
			compatibilityVersion = "Xcode 14.0";
			developmentRegion = en;
			hasScannedForEncodings = 0;
			knownRegions = (
				en,
				Base,
			);
			mainGroup = AA0001000000030000000001;
			productRefGroup = AA0001000000040000000001 /* Products */;
			projectDirPath = "";
			projectRoot = "";
			targets = (
				AA0001000000020000000001 /* LectorMD */,
				BB0001000000020000000002 /* LectorMDQL */,
			);
		};
/* End PBXProject section */

/* Begin PBXResourcesBuildPhase section */
		AA0001000000080000000001 /* Resources */ = {
			isa = PBXResourcesBuildPhase;
			buildActionMask = 2147483647;
			files = (
				AA0001000000200000000007 /* Assets.xcassets in Resources */,
				AA0001000000200000000008 /* highlight.min.js in Resources */,
				AA0001000000200000000009 /* mermaid.min.js in Resources */,
			);
			runOnlyForDeploymentPostprocessing = 0;
		};
		BB0001000000080000000002 /* Resources */ = {
			isa = PBXResourcesBuildPhase;
			buildActionMask = 2147483647;
			files = (
				BB0001000000200000000004 /* highlight.min.js in Resources */,
				BB0001000000200000000005 /* mermaid.min.js in Resources */,
			);
			runOnlyForDeploymentPostprocessing = 0;
		};
/* End PBXResourcesBuildPhase section */

/* Begin PBXSourcesBuildPhase section */
		AA0001000000060000000001 /* Sources */ = {
			isa = PBXSourcesBuildPhase;
			buildActionMask = 2147483647;
			files = (
				AA0001000000200000000001 /* LectorMDApp.swift in Sources */,
				AA0001000000200000000002 /* MarkdownDocument.swift in Sources */,
				AA0001000000200000000003 /* ContentView.swift in Sources */,
				AA0001000000200000000004 /* MarkdownWebView.swift in Sources */,
				AA0001000000200000000005 /* MarkdownRenderer.swift in Sources */,
				AA0001000000200000000006 /* HTMLTemplate.swift in Sources */,
				AA000100000020000000000A /* HTMLSafety.swift in Sources */,
			);
			runOnlyForDeploymentPostprocessing = 0;
		};
		BB0001000000060000000002 /* Sources */ = {
			isa = PBXSourcesBuildPhase;
			buildActionMask = 2147483647;
			files = (
				BB0001000000200000000001 /* PreviewViewController.swift in Sources */,
				BB0001000000200000000002 /* MarkdownRenderer.swift in Sources */,
				BB0001000000200000000003 /* HTMLTemplate.swift in Sources */,
				BB0001000000200000000007 /* HTMLSafety.swift in Sources */,
			);
			runOnlyForDeploymentPostprocessing = 0;
		};
/* End PBXSourcesBuildPhase section */

/* Begin XCBuildConfiguration section */
		AA000100000000B000000001 /* Debug */ = {
			isa = XCBuildConfiguration;
			buildSettings = {
				ALWAYS_SEARCH_USER_PATHS = NO;
				CLANG_ANALYZER_NONNULL = YES;
				CLANG_ANALYZER_NUMBER_OBJECT_CONVERSION = YES_AGGRESSIVE;
				CLANG_CXX_LANGUAGE_STANDARD = "gnu++20";
				CLANG_ENABLE_MODULES = YES;
				CLANG_ENABLE_OBJC_ARC = YES;
				CLANG_ENABLE_OBJC_WEAK = YES;
				CLANG_WARN_BLOCK_CAPTURE_AUTORELEASING = YES;
				CLANG_WARN_BOOL_CONVERSION = YES;
				CLANG_WARN_COMMA = YES;
				CLANG_WARN_CONSTANT_CONVERSION = YES;
				CLANG_WARN_DEPRECATED_OBJC_IMPLEMENTATIONS = YES;
				CLANG_WARN_DIRECT_OBJC_ISA_USAGE = YES_ERROR;
				CLANG_WARN_DOCUMENTATION_COMMENTS = YES;
				CLANG_WARN_EMPTY_BODY = YES;
				CLANG_WARN_ENUM_CONVERSION = YES;
				CLANG_WARN_INFINITE_LOOPS = YES;
				CLANG_WARN_INT_CONVERSION = YES;
				CLANG_WARN_NON_LITERAL_NULL_CONVERSION = YES;
				CLANG_WARN_OBJC_IMPLICIT_RETAIN_SELF = YES;
				CLANG_WARN_OBJC_LITERAL_CONVERSION = YES;
				CLANG_WARN_OBJC_ROOT_CLASS = YES_ERROR;
				CLANG_WARN_QUOTED_INCLUDE_IN_FRAMEWORK_HEADER = YES;
				CLANG_WARN_RANGE_LOOP_ANALYSIS = YES;
				CLANG_WARN_STRICT_PROTOTYPES = YES;
				CLANG_WARN_SUSPICIOUS_MOVE = YES;
				CLANG_WARN_UNGUARDED_AVAILABILITY = YES_AGGRESSIVE;
				CLANG_WARN_UNREACHABLE_CODE = YES;
				CLANG_WARN__DUPLICATE_METHOD_MATCH = YES;
				COPY_PHASE_STRIP = NO;
				DEBUG_INFORMATION_FORMAT = dwarf;
				ENABLE_STRICT_OBJC_MSGSEND = YES;
				ENABLE_TESTABILITY = YES;
				ENABLE_USER_SCRIPT_SANDBOXING = YES;
				GCC_C_LANGUAGE_STANDARD = gnu17;
				GCC_DYNAMIC_NO_PIC = NO;
				GCC_NO_COMMON_BLOCKS = YES;
				GCC_OPTIMIZATION_LEVEL = 0;
				GCC_PREPROCESSOR_DEFINITIONS = (
					"DEBUG=1",
					"$(inherited)",
				);
				GCC_WARN_64_TO_32_BIT_CONVERSION = YES;
				GCC_WARN_ABOUT_RETURN_TYPE = YES_ERROR;
				GCC_WARN_UNDECLARED_SELECTOR = YES;
				GCC_WARN_UNINITIALIZED_AUTOS = YES_AGGRESSIVE;
				GCC_WARN_UNUSED_FUNCTION = YES;
				GCC_WARN_UNUSED_VARIABLE = YES;
				MACOSX_DEPLOYMENT_TARGET = 13.0;
				MTL_ENABLE_DEBUG_INFO = INCLUDE_SOURCE;
				MTL_FAST_MATH = YES;
				ONLY_ACTIVE_ARCH = YES;
				SDKROOT = macosx;
				SWIFT_ACTIVE_COMPILATION_CONDITIONS = DEBUG;
				SWIFT_OPTIMIZATION_LEVEL = "-Onone";
			};
			name = Debug;
		};
		AA000100000000C000000001 /* Release */ = {
			isa = XCBuildConfiguration;
			buildSettings = {
				ALWAYS_SEARCH_USER_PATHS = NO;
				CLANG_ANALYZER_NONNULL = YES;
				CLANG_ANALYZER_NUMBER_OBJECT_CONVERSION = YES_AGGRESSIVE;
				CLANG_CXX_LANGUAGE_STANDARD = "gnu++20";
				CLANG_ENABLE_MODULES = YES;
				CLANG_ENABLE_OBJC_ARC = YES;
				CLANG_ENABLE_OBJC_WEAK = YES;
				CLANG_WARN_BLOCK_CAPTURE_AUTORELEASING = YES;
				CLANG_WARN_BOOL_CONVERSION = YES;
				CLANG_WARN_COMMA = YES;
				CLANG_WARN_CONSTANT_CONVERSION = YES;
				CLANG_WARN_DEPRECATED_OBJC_IMPLEMENTATIONS = YES;
				CLANG_WARN_DIRECT_OBJC_ISA_USAGE = YES_ERROR;
				CLANG_WARN_DOCUMENTATION_COMMENTS = YES;
				CLANG_WARN_EMPTY_BODY = YES;
				CLANG_WARN_ENUM_CONVERSION = YES;
				CLANG_WARN_INFINITE_LOOPS = YES;
				CLANG_WARN_INT_CONVERSION = YES;
				CLANG_WARN_NON_LITERAL_NULL_CONVERSION = YES;
				CLANG_WARN_OBJC_IMPLICIT_RETAIN_SELF = YES;
				CLANG_WARN_OBJC_LITERAL_CONVERSION = YES;
				CLANG_WARN_OBJC_ROOT_CLASS = YES_ERROR;
				CLANG_WARN_QUOTED_INCLUDE_IN_FRAMEWORK_HEADER = YES;
				CLANG_WARN_RANGE_LOOP_ANALYSIS = YES;
				CLANG_WARN_STRICT_PROTOTYPES = YES;
				CLANG_WARN_SUSPICIOUS_MOVE = YES;
				CLANG_WARN_UNGUARDED_AVAILABILITY = YES_AGGRESSIVE;
				CLANG_WARN_UNREACHABLE_CODE = YES;
				CLANG_WARN__DUPLICATE_METHOD_MATCH = YES;
				COPY_PHASE_STRIP = NO;
				DEBUG_INFORMATION_FORMAT = "dwarf-with-dsym";
				ENABLE_NS_ASSERTIONS = NO;
				ENABLE_STRICT_OBJC_MSGSEND = YES;
				ENABLE_USER_SCRIPT_SANDBOXING = YES;
				GCC_C_LANGUAGE_STANDARD = gnu17;
				GCC_NO_COMMON_BLOCKS = YES;
				GCC_WARN_64_TO_32_BIT_CONVERSION = YES;
				GCC_WARN_ABOUT_RETURN_TYPE = YES_ERROR;
				GCC_WARN_UNDECLARED_SELECTOR = YES;
				GCC_WARN_UNINITIALIZED_AUTOS = YES_AGGRESSIVE;
				GCC_WARN_UNUSED_FUNCTION = YES;
				GCC_WARN_UNUSED_VARIABLE = YES;
				MACOSX_DEPLOYMENT_TARGET = 13.0;
				MTL_FAST_MATH = YES;
				SDKROOT = macosx;
				SWIFT_COMPILATION_MODE = wholemodule;
				SWIFT_OPTIMIZATION_LEVEL = "-O";
				VALIDATE_PRODUCT = YES;
			};
			name = Release;
		};
		AA000100000000D000000001 /* Debug */ = {
			isa = XCBuildConfiguration;
			buildSettings = {
				ASSETCATALOG_COMPILER_APPICON_NAME = AppIcon;
				ASSETCATALOG_COMPILER_GLOBAL_ACCENT_COLOR_NAME = AccentColor;
				CODE_SIGN_ENTITLEMENTS = LectorMD/LectorMD.entitlements;
				CODE_SIGN_STYLE = Automatic;
				COMBINE_HIDPI_IMAGES = YES;
				CURRENT_PROJECT_VERSION = 1;
				DEVELOPMENT_TEAM = "";
				GENERATE_INFOPLIST_FILE = NO;
				INFOPLIST_FILE = LectorMD/Info.plist;
				LD_RUNPATH_SEARCH_PATHS = (
					"$(inherited)",
					"@executable_path/../Frameworks",
				);
				MACOSX_DEPLOYMENT_TARGET = 13.0;
				MARKETING_VERSION = 1.0;
				PRODUCT_BUNDLE_IDENTIFIER = "com.lectormd.app";
				PRODUCT_NAME = "$(TARGET_NAME)";
				SWIFT_EMIT_LOC_STRINGS = YES;
				SWIFT_VERSION = 5.0;
			};
			name = Debug;
		};
		AA000100000000E000000001 /* Release */ = {
			isa = XCBuildConfiguration;
			buildSettings = {
				ASSETCATALOG_COMPILER_APPICON_NAME = AppIcon;
				ASSETCATALOG_COMPILER_GLOBAL_ACCENT_COLOR_NAME = AccentColor;
				CODE_SIGN_ENTITLEMENTS = LectorMD/LectorMD.entitlements;
				CODE_SIGN_STYLE = Automatic;
				COMBINE_HIDPI_IMAGES = YES;
				CURRENT_PROJECT_VERSION = 1;
				DEVELOPMENT_TEAM = "";
				GENERATE_INFOPLIST_FILE = NO;
				INFOPLIST_FILE = LectorMD/Info.plist;
				LD_RUNPATH_SEARCH_PATHS = (
					"$(inherited)",
					"@executable_path/../Frameworks",
				);
				MACOSX_DEPLOYMENT_TARGET = 13.0;
				MARKETING_VERSION = 1.0;
				PRODUCT_BUNDLE_IDENTIFIER = "com.lectormd.app";
				PRODUCT_NAME = "$(TARGET_NAME)";
				SWIFT_EMIT_LOC_STRINGS = YES;
				SWIFT_VERSION = 5.0;
			};
			name = Release;
		};
		BB000100000000D000000002 /* Debug */ = {
			isa = XCBuildConfiguration;
			buildSettings = {
				CODE_SIGN_ENTITLEMENTS = QuickLookMD/LectorMDQL.entitlements;
				CODE_SIGN_STYLE = Automatic;
				CURRENT_PROJECT_VERSION = 1;
				DEVELOPMENT_TEAM = "";
				GENERATE_INFOPLIST_FILE = NO;
				INFOPLIST_FILE = QuickLookMD/ExtInfo.plist;
				LD_RUNPATH_SEARCH_PATHS = (
					"$(inherited)",
					"@executable_path/../Frameworks",
					"@executable_path/../../../../Frameworks",
				);
				MACOSX_DEPLOYMENT_TARGET = 13.0;
				MARKETING_VERSION = 1.0;
				PRODUCT_BUNDLE_IDENTIFIER = "com.lectormd.app.qlextension";
				PRODUCT_NAME = "$(TARGET_NAME)";
				SKIP_INSTALL = YES;
				SWIFT_EMIT_LOC_STRINGS = YES;
				SWIFT_VERSION = 5.0;
			};
			name = Debug;
		};
		BB000100000000E000000002 /* Release */ = {
			isa = XCBuildConfiguration;
			buildSettings = {
				CODE_SIGN_ENTITLEMENTS = QuickLookMD/LectorMDQL.entitlements;
				CODE_SIGN_STYLE = Automatic;
				CURRENT_PROJECT_VERSION = 1;
				DEVELOPMENT_TEAM = "";
				GENERATE_INFOPLIST_FILE = NO;
				INFOPLIST_FILE = QuickLookMD/ExtInfo.plist;
				LD_RUNPATH_SEARCH_PATHS = (
					"$(inherited)",
					"@executable_path/../Frameworks",
					"@executable_path/../../../../Frameworks",
				);
				MACOSX_DEPLOYMENT_TARGET = 13.0;
				MARKETING_VERSION = 1.0;
				PRODUCT_BUNDLE_IDENTIFIER = "com.lectormd.app.qlextension";
				PRODUCT_NAME = "$(TARGET_NAME)";
				SKIP_INSTALL = YES;
				SWIFT_EMIT_LOC_STRINGS = YES;
				SWIFT_VERSION = 5.0;
			};
			name = Release;
		};
/* End XCBuildConfiguration section */

/* Begin XCConfigurationList section */
		AA000100000000A000000001 /* Build configuration list for PBXProject "LectorMD" */ = {
			isa = XCConfigurationList;
			buildConfigurations = (
				AA000100000000B000000001 /* Debug */,
				AA000100000000C000000001 /* Release */,
			);
			defaultConfigurationIsVisible = 0;
			defaultConfigurationName = Release;
		};
		AA0001000000090000000001 /* Build configuration list for PBXNativeTarget "LectorMD" */ = {
			isa = XCConfigurationList;
			buildConfigurations = (
				AA000100000000D000000001 /* Debug */,
				AA000100000000E000000001 /* Release */,
			);
			defaultConfigurationIsVisible = 0;
			defaultConfigurationName = Release;
		};
		BB0001000000090000000002 /* Build configuration list for PBXNativeTarget "LectorMDQL" */ = {
			isa = XCConfigurationList;
			buildConfigurations = (
				BB000100000000D000000002 /* Debug */,
				BB000100000000E000000002 /* Release */,
			);
			defaultConfigurationIsVisible = 0;
			defaultConfigurationName = Release;
		};
/* End XCConfigurationList section */

	};
	rootObject = AA0001000000010000000001 /* Project object */;
}
